
Microsoft Visual Studio Solution File, Format Version 12.00
# Visual Studio 14
VisualStudioVersion = 14.0.23107.0
MinimumVisualStudioVersion = 10.0.40219.1
Project("{FAE04EC0-301F-11D3-BF4B-00C04F79EFBC}") = "Tracker.Business.Entities", "Tracker.Business.Entities\Tracker.Business.Entities.csproj", "{B997BF00-0CF5-4228-8E79-59FBEE6D845B}"
EndProject
Project("{2150E333-8FDC-42A3-9474-1A3956D46DE8}") = "Business", "Business", "{2DBA695E-946D-4F86-9155-E81D222FF779}"
EndProject
Project("{2150E333-8FDC-42A3-9474-1A3956D46DE8}") = "Client", "Client", "{4DD25738-5EA6-4BA7-B02A-A68C9FA8F713}"
EndProject
Project("{2150E333-8FDC-42A3-9474-1A3956D46DE8}") = "Common", "Common", "{AB7B7EA4-8FC4-4B05-B3BF-57CC80617567}"
EndProject
Project("{FAE04EC0-301F-11D3-BF4B-00C04F79EFBC}") = "Tracker.Client.Entities", "Tracker.Client.Entities\Tracker.Client.Entities.csproj", "{CD59089E-8472-4328-AAE3-81D54D9F1EC8}"
EndProject
Project("{FAE04EC0-301F-11D3-BF4B-00C04F79EFBC}") = "Core.Common", "Core.Common\Core.Common.csproj", "{9971413B-79B4-47B1-B449-C6A42D5B00FA}"
EndProject
Project("{FAE04EC0-301F-11D3-BF4B-00C04F79EFBC}") = "Core.Common.Contracts", "Core.Common.Contracts\Core.Common.Contracts.csproj", "{6E8DA507-2CCF-46FE-86E8-28054CE6099A}"
EndProject
Project("{2150E333-8FDC-42A3-9474-1A3956D46DE8}") = "Resource Access", "Resource Access", "{26AAAD7B-97DE-48FB-A2EC-F5838FA24220}"
EndProject
Project("{FAE04EC0-301F-11D3-BF4B-00C04F79EFBC}") = "Tracker.Data", "Tracker.Data\Tracker.Data.csproj", "{5AAD927D-DA8B-45E5-9B8C-A3F64FA53445}"
EndProject
Project("{FAE04EC0-301F-11D3-BF4B-00C04F79EFBC}") = "Tracker.Data.Contracts", "Tracker.Data.Contracts\Tracker.Data.Contracts.csproj", "{B49C2C5A-068E-4956-BA54-5AC7C9402CCB}"
EndProject
Project("{FAE04EC0-301F-11D3-BF4B-00C04F79EFBC}") = "Tracker.Business.Bootstrapper", "Tracker.Business.Bootstrapper\Tracker.Business.Bootstrapper.csproj", "{59074A84-06A7-4ACE-BC99-BBED01A237E0}"
EndProject
Project("{2150E333-8FDC-42A3-9474-1A3956D46DE8}") = "Tests", "Tests", "{5DB9494D-5085-442C-8443-9C8DD00C0697}"
EndProject
Project("{FAE04EC0-301F-11D3-BF4B-00C04F79EFBC}") = "Tracker.Data.Tests", "Tracker.Data.Tests\Tracker.Data.Tests.csproj", "{A1B48EDB-BA14-41A5-B5E8-49BABCC97309}"
EndProject
Project("{FAE04EC0-301F-11D3-BF4B-00C04F79EFBC}") = "Tracker.Business.Contracts", "Tracker.Business.Contracts\Tracker.Business.Contracts.csproj", "{8E39B3E7-1030-4693-80B5-DED2E9BBBA1E}"
EndProject
Project("{FAE04EC0-301F-11D3-BF4B-00C04F79EFBC}") = "Tracker.Business.Managers", "Tracker.Business.Managers\Tracker.Business.Managers.csproj", "{34C95A83-6C97-4355-82B7-A60209A773C6}"
EndProject
Project("{FAE04EC0-301F-11D3-BF4B-00C04F79EFBC}") = "Tracker.Business.Common", "Tracker.Business.Common\Tracker.Business.Common.csproj", "{9AE0B3E9-907A-44A4-97C7-62DF5107F5D6}"
EndProject
Project("{FAE04EC0-301F-11D3-BF4B-00C04F79EFBC}") = "Tracker.Business", "Tracker.Business\Tracker.Business.csproj", "{1D2CDA5A-6E80-4468-92B8-07F8A7AA2EC5}"
EndProject
Global
	GlobalSection(SolutionConfigurationPlatforms) = preSolution
		Debug|Any CPU = Debug|Any CPU
		Release|Any CPU = Release|Any CPU
	EndGlobalSection
	GlobalSection(ProjectConfigurationPlatforms) = postSolution
		{B997BF00-0CF5-4228-8E79-59FBEE6D845B}.Debug|Any CPU.ActiveCfg = Debug|Any CPU
		{B997BF00-0CF5-4228-8E79-59FBEE6D845B}.Debug|Any CPU.Build.0 = Debug|Any CPU
		{B997BF00-0CF5-4228-8E79-59FBEE6D845B}.Release|Any CPU.ActiveCfg = Release|Any CPU
		{B997BF00-0CF5-4228-8E79-59FBEE6D845B}.Release|Any CPU.Build.0 = Release|Any CPU
		{CD59089E-8472-4328-AAE3-81D54D9F1EC8}.Debug|Any CPU.ActiveCfg = Debug|Any CPU
		{CD59089E-8472-4328-AAE3-81D54D9F1EC8}.Debug|Any CPU.Build.0 = Debug|Any CPU
		{CD59089E-8472-4328-AAE3-81D54D9F1EC8}.Release|Any CPU.ActiveCfg = Release|Any CPU
		{CD59089E-8472-4328-AAE3-81D54D9F1EC8}.Release|Any CPU.Build.0 = Release|Any CPU
		{9971413B-79B4-47B1-B449-C6A42D5B00FA}.Debug|Any CPU.ActiveCfg = Debug|Any CPU
		{9971413B-79B4-47B1-B449-C6A42D5B00FA}.Debug|Any CPU.Build.0 = Debug|Any CPU
		{9971413B-79B4-47B1-B449-C6A42D5B00FA}.Release|Any CPU.ActiveCfg = Release|Any CPU
		{9971413B-79B4-47B1-B449-C6A42D5B00FA}.Release|Any CPU.Build.0 = Release|Any CPU
		{6E8DA507-2CCF-46FE-86E8-28054CE6099A}.Debug|Any CPU.ActiveCfg = Debug|Any CPU
		{6E8DA507-2CCF-46FE-86E8-28054CE6099A}.Debug|Any CPU.Build.0 = Debug|Any CPU
		{6E8DA507-2CCF-46FE-86E8-28054CE6099A}.Release|Any CPU.ActiveCfg = Release|Any CPU
		{6E8DA507-2CCF-46FE-86E8-28054CE6099A}.Release|Any CPU.Build.0 = Release|Any CPU
		{5AAD927D-DA8B-45E5-9B8C-A3F64FA53445}.Debug|Any CPU.ActiveCfg = Debug|Any CPU
		{5AAD927D-DA8B-45E5-9B8C-A3F64FA53445}.Debug|Any CPU.Build.0 = Debug|Any CPU
		{5AAD927D-DA8B-45E5-9B8C-A3F64FA53445}.Release|Any CPU.ActiveCfg = Release|Any CPU
		{5AAD927D-DA8B-45E5-9B8C-A3F64FA53445}.Release|Any CPU.Build.0 = Release|Any CPU
		{B49C2C5A-068E-4956-BA54-5AC7C9402CCB}.Debug|Any CPU.ActiveCfg = Debug|Any CPU
		{B49C2C5A-068E-4956-BA54-5AC7C9402CCB}.Debug|Any CPU.Build.0 = Debug|Any CPU
		{B49C2C5A-068E-4956-BA54-5AC7C9402CCB}.Release|Any CPU.ActiveCfg = Release|Any CPU
		{B49C2C5A-068E-4956-BA54-5AC7C9402CCB}.Release|Any CPU.Build.0 = Release|Any CPU
		{59074A84-06A7-4ACE-BC99-BBED01A237E0}.Debug|Any CPU.ActiveCfg = Debug|Any CPU
		{59074A84-06A7-4ACE-BC99-BBED01A237E0}.Debug|Any CPU.Build.0 = Debug|Any CPU
		{59074A84-06A7-4ACE-BC99-BBED01A237E0}.Release|Any CPU.ActiveCfg = Release|Any CPU
		{59074A84-06A7-4ACE-BC99-BBED01A237E0}.Release|Any CPU.Build.0 = Release|Any CPU
		{A1B48EDB-BA14-41A5-B5E8-49BABCC97309}.Debug|Any CPU.ActiveCfg = Debug|Any CPU
		{A1B48EDB-BA14-41A5-B5E8-49BABCC97309}.Debug|Any CPU.Build.0 = Debug|Any CPU
		{A1B48EDB-BA14-41A5-B5E8-49BABCC97309}.Release|Any CPU.ActiveCfg = Release|Any CPU
		{A1B48EDB-BA14-41A5-B5E8-49BABCC97309}.Release|Any CPU.Build.0 = Release|Any CPU
		{8E39B3E7-1030-4693-80B5-DED2E9BBBA1E}.Debug|Any CPU.ActiveCfg = Debug|Any CPU
		{8E39B3E7-1030-4693-80B5-DED2E9BBBA1E}.Debug|Any CPU.Build.0 = Debug|Any CPU
		{8E39B3E7-1030-4693-80B5-DED2E9BBBA1E}.Release|Any CPU.ActiveCfg = Release|Any CPU
		{8E39B3E7-1030-4693-80B5-DED2E9BBBA1E}.Release|Any CPU.Build.0 = Release|Any CPU
		{34C95A83-6C97-4355-82B7-A60209A773C6}.Debug|Any CPU.ActiveCfg = Debug|Any CPU
		{34C95A83-6C97-4355-82B7-A60209A773C6}.Debug|Any CPU.Build.0 = Debug|Any CPU
		{34C95A83-6C97-4355-82B7-A60209A773C6}.Release|Any CPU.ActiveCfg = Release|Any CPU
		{34C95A83-6C97-4355-82B7-A60209A773C6}.Release|Any CPU.Build.0 = Release|Any CPU
		{9AE0B3E9-907A-44A4-97C7-62DF5107F5D6}.Debug|Any CPU.ActiveCfg = Debug|Any CPU
		{9AE0B3E9-907A-44A4-97C7-62DF5107F5D6}.Debug|Any CPU.Build.0 = Debug|Any CPU
		{9AE0B3E9-907A-44A4-97C7-62DF5107F5D6}.Release|Any CPU.ActiveCfg = Release|Any CPU
		{9AE0B3E9-907A-44A4-97C7-62DF5107F5D6}.Release|Any CPU.Build.0 = Release|Any CPU
		{1D2CDA5A-6E80-4468-92B8-07F8A7AA2EC5}.Debug|Any CPU.ActiveCfg = Debug|Any CPU
		{1D2CDA5A-6E80-4468-92B8-07F8A7AA2EC5}.Debug|Any CPU.Build.0 = Debug|Any CPU
		{1D2CDA5A-6E80-4468-92B8-07F8A7AA2EC5}.Release|Any CPU.ActiveCfg = Release|Any CPU
		{1D2CDA5A-6E80-4468-92B8-07F8A7AA2EC5}.Release|Any CPU.Build.0 = Release|Any CPU
	EndGlobalSection
	GlobalSection(SolutionProperties) = preSolution
		HideSolutionNode = FALSE
	EndGlobalSection
	GlobalSection(NestedProjects) = preSolution
		{B997BF00-0CF5-4228-8E79-59FBEE6D845B} = {2DBA695E-946D-4F86-9155-E81D222FF779}
		{CD59089E-8472-4328-AAE3-81D54D9F1EC8} = {4DD25738-5EA6-4BA7-B02A-A68C9FA8F713}
		{9971413B-79B4-47B1-B449-C6A42D5B00FA} = {AB7B7EA4-8FC4-4B05-B3BF-57CC80617567}
		{6E8DA507-2CCF-46FE-86E8-28054CE6099A} = {AB7B7EA4-8FC4-4B05-B3BF-57CC80617567}
		{5AAD927D-DA8B-45E5-9B8C-A3F64FA53445} = {26AAAD7B-97DE-48FB-A2EC-F5838FA24220}
		{B49C2C5A-068E-4956-BA54-5AC7C9402CCB} = {26AAAD7B-97DE-48FB-A2EC-F5838FA24220}
		{59074A84-06A7-4ACE-BC99-BBED01A237E0} = {2DBA695E-946D-4F86-9155-E81D222FF779}
		{A1B48EDB-BA14-41A5-B5E8-49BABCC97309} = {5DB9494D-5085-442C-8443-9C8DD00C0697}
		{8E39B3E7-1030-4693-80B5-DED2E9BBBA1E} = {2DBA695E-946D-4F86-9155-E81D222FF779}
		{34C95A83-6C97-4355-82B7-A60209A773C6} = {2DBA695E-946D-4F86-9155-E81D222FF779}
		{9AE0B3E9-907A-44A4-97C7-62DF5107F5D6} = {2DBA695E-946D-4F86-9155-E81D222FF779}
		{1D2CDA5A-6E80-4468-92B8-07F8A7AA2EC5} = {2DBA695E-946D-4F86-9155-E81D222FF779}
	EndGlobalSection
EndGlobal
